<?xml version="1.0" encoding="utf-8"?>
<Project ToolsVersion="4.0" xmlns="http://schemas.microsoft.com/developer/msbuild/2003">
  <ItemGroup>
    <Filter Include="Source Files">
      <UniqueIdentifier>{4FC737F1-C7A5-4376-A066-2A32D752A2FF}</UniqueIdentifier>
      <Extensions>cpp;c;cc;cxx;c++;cppm;ixx;def;odl;idl;hpj;bat;asm;asmx</Extensions>
    </Filter>
    <Filter Include="Resource Files">
      <UniqueIdentifier>{67DA6AB6-F800-4c08-8B7A-83BB121AAD01}</UniqueIdentifier>
      <Extensions>rc;ico;cur;bmp;dlg;rc2;rct;bin;rgs;gif;jpg;jpeg;jpe;resx;tiff;tif;png;wav;mfcribbon-ms</Extensions>
    </Filter>
    <Filter Include="Source Files\main">
      <UniqueIdentifier>{89607a2a-c660-459a-88d2-817b42246779}</UniqueIdentifier>
    </Filter>
    <Filter Include="Source Files\vkcore">
      <UniqueIdentifier>{2f8bfc8a-ce95-4f5b-8d73-3fb1faa2f5ad}</UniqueIdentifier>
    </Filter>
    <Filter Include="Source Files\app">
      <UniqueIdentifier>{ae31d100-e7d0-4458-8e84-1ac3280e7f10}</UniqueIdentifier>
    </Filter>
    <Filter Include="Source Files\enum">
      <UniqueIdentifier>{587fdc7b-a658-48e1-aa6b-fc03876df740}</UniqueIdentifier>
    </Filter>
    <Filter Include="Shader">
      <UniqueIdentifier>{e25fb810-e2d5-47d5-8bf6-1991dc010b0f}</UniqueIdentifier>
    </Filter>
    <Filter Include="Source Files\graphicspipeline">
      <UniqueIdentifier>{58aa6ea0-9393-4d03-8800-48fd80f67251}</UniqueIdentifier>
    </Filter>
  </ItemGroup>
  <ItemGroup>
    <ClCompile Include="src\main\main.cpp">
      <Filter>Source Files\main</Filter>
    </ClCompile>
    <ClCompile Include="src\app\vulkanapp.cpp">
      <Filter>Source Files\app</Filter>
    </ClCompile>
    <ClCompile Include="src\app\glfwwindow.cpp">
      <Filter>Source Files\app</Filter>
    </ClCompile>
    <ClCompile Include="src\vkcore\vkcoreinstance.cpp">
      <Filter>Source Files\vkcore</Filter>
    </ClCompile>
    <ClCompile Include="src\enum\appenum.cpp">
      <Filter>Source Files\enum</Filter>
    </ClCompile>
    <ClCompile Include="src\vkcore\vkvalidation.cpp">
      <Filter>Source Files\vkcore</Filter>
    </ClCompile>
    <ClCompile Include="src\vkcore\vkcorephysicaldevice.cpp">
      <Filter>Source Files\vkcore</Filter>
    </ClCompile>
    <ClCompile Include="src\vkcore\queuefamilyindices.cpp">
      <Filter>Source Files\vkcore</Filter>
    </ClCompile>
    <ClCompile Include="src\vkcore\vkcorelogicaldevice.cpp">
      <Filter>Source Files\vkcore</Filter>
    </ClCompile>
    <ClCompile Include="src\vkcore\vkcoresurface.cpp">
      <Filter>Source Files\vkcore</Filter>
    </ClCompile>
    <ClCompile Include="src\vkcore\swapchainsupportdetails.cpp">
      <Filter>Source Files\vkcore</Filter>
    </ClCompile>
    <ClCompile Include="src\vkcore\vkcoreswapchain.cpp">
      <Filter>Source Files\vkcore</Filter>
    </ClCompile>
    <ClCompile Include="src\vkcore\vkcoreimageview.cpp">
      <Filter>Source Files\vkcore</Filter>
    </ClCompile>
    <ClCompile Include="src\graphicspipeline\vkcoregraphicspipeline.cpp">
      <Filter>Source Files\graphicspipeline</Filter>
    </ClCompile>
    <ClCompile Include="src\graphicspipeline\vkshader.cpp">
      <Filter>Source Files\graphicspipeline</Filter>
    </ClCompile>
    <ClCompile Include="src\graphicspipeline\vkcorerenderpass.cpp">
      <Filter>Source Files\graphicspipeline</Filter>
    </ClCompile>
  </ItemGroup>
  <ItemGroup>
    <ClInclude Include="src\app\vulkanapp.h">
      <Filter>Source Files\app</Filter>
    </ClInclude>
    <ClInclude Include="src\app\glfwwindow.h">
      <Filter>Source Files\app</Filter>
    </ClInclude>
    <ClInclude Include="src\enum\appenum.h">
      <Filter>Source Files\enum</Filter>
    </ClInclude>
    <ClInclude Include="src\vkcore\vkcoreinstance.h">
      <Filter>Source Files\vkcore</Filter>
    </ClInclude>
    <ClInclude Include="src\vkcore\vkvalidation.h">
      <Filter>Source Files\vkcore</Filter>
    </ClInclude>
    <ClInclude Include="src\vkcore\vkcorephysicaldevice.h">
      <Filter>Source Files\vkcore</Filter>
    </ClInclude>
    <ClInclude Include="src\vkcore\queuefamilyindices.h">
      <Filter>Source Files\vkcore</Filter>
    </ClInclude>
    <ClInclude Include="src\vkcore\vkcorelogicaldevice.h">
      <Filter>Source Files\vkcore</Filter>
    </ClInclude>
    <ClInclude Include="src\vkcore\vkcoresurface.h">
      <Filter>Source Files\vkcore</Filter>
    </ClInclude>
    <ClInclude Include="src\vkcore\swapchainsupportdetails.h">
      <Filter>Source Files\vkcore</Filter>
    </ClInclude>
    <ClInclude Include="src\vkcore\vkcoreswapchain.h">
      <Filter>Source Files\vkcore</Filter>
    </ClInclude>
    <ClInclude Include="src\vkcore\vkcoreimageview.h">
      <Filter>Source Files\vkcore</Filter>
    </ClInclude>
    <ClInclude Include="src\graphicspipeline\vkcoregraphicspipeline.h">
      <Filter>Source Files\graphicspipeline</Filter>
    </ClInclude>
    <ClInclude Include="src\graphicspipeline\vkshader.h">
      <Filter>Source Files\graphicspipeline</Filter>
    </ClInclude>
    <ClInclude Include="src\graphicspipeline\vkcorerenderpass.h">
      <Filter>Source Files\graphicspipeline</Filter>
    </ClInclude>
  </ItemGroup>
  <ItemGroup>
    <None Include="shader\triangle\triangle.vert">
      <Filter>Shader</Filter>
    </None>
    <None Include="shader\triangle\triangle.frag">
      <Filter>Shader</Filter>
    </None>
  </ItemGroup>
</Project>